
Microsoft Visual Studio Solution File, Format Version 12.00
# Visual Studio Version 17
VisualStudioVersion = 17.7.34031.279
MinimumVisualStudioVersion = 10.0.40219.1
Project("{FAE04EC0-301F-11D3-BF4B-00C04F79EFBC}") = "MyCoreApp", "MyCoreApp.csproj", "{448DFAAF-C8BA-4266-A34E-44F4E6860720}"
EndProject
Global
	GlobalSection(SolutionConfigurationPlatforms) = preSolution
		Debug|Any CPU = Debug|Any CPU
		Release|Any CPU = Release|Any CPU
	EndGlobalSection
	GlobalSection(ProjectConfigurationPlatforms) = postSolution
		{448DFAAF-C8BA-4266-A34E-44F4E6860720}.Debug|Any CPU.ActiveCfg = Debug|Any CPU
		{448DFAAF-C8BA-4266-A34E-44F4E6860720}.Debug|Any CPU.Build.0 = Debug|Any CPU
		{448DFAAF-C8BA-4266-A34E-44F4E6860720}.Release|Any CPU.ActiveCfg = Release|Any CPU
		{448DFAAF-C8BA-4266-A34E-44F4E6860720}.Release|Any CPU.Build.0 = Release|Any CPU
	EndGlobalSection
	GlobalSection(SolutionProperties) = preSolution
		HideSolutionNode = FALSE
	EndGlobalSection
	GlobalSection(ExtensibilityGlobals) = postSolution
		SolutionGuid = {427A547C-1767-4E27-A970-18CD83C60218}
	EndGlobalSection
EndGlobal
